
Microsoft Visual Studio Solution File, Format Version 12.00
# Visual Studio Version 17
VisualStudioVersion = 17.10.35027.167
MinimumVisualStudioVersion = 10.0.40219.1
Project("{9A19103F-16F7-4668-BE54-9A1E7A4F7556}") = "coreWebAPIBasicProject", "coreWebAPIBasicProject\coreWebAPIBasicProject.csproj", "{7694E338-5680-461E-A147-4F8047EF1A42}"
EndProject
Project("{FAE04EC0-301F-11D3-BF4B-00C04F79EFBC}") = "coreWebAPIVendorProject", "coreWebAPIVendorProject\coreWebAPIVendorProject.csproj", "{B7479D17-5221-4FF5-B775-B325FCE06BD6}"
EndProject
Global
	GlobalSection(SolutionConfigurationPlatforms) = preSolution
		Debug|Any CPU = Debug|Any CPU
		Release|Any CPU = Release|Any CPU
	EndGlobalSection
	GlobalSection(ProjectConfigurationPlatforms) = postSolution
		{7694E338-5680-461E-A147-4F8047EF1A42}.Debug|Any CPU.ActiveCfg = Debug|Any CPU
		{7694E338-5680-461E-A147-4F8047EF1A42}.Debug|Any CPU.Build.0 = Debug|Any CPU
		{7694E338-5680-461E-A147-4F8047EF1A42}.Release|Any CPU.ActiveCfg = Release|Any CPU
		{7694E338-5680-461E-A147-4F8047EF1A42}.Release|Any CPU.Build.0 = Release|Any CPU
		{B7479D17-5221-4FF5-B775-B325FCE06BD6}.Debug|Any CPU.ActiveCfg = Debug|Any CPU
		{B7479D17-5221-4FF5-B775-B325FCE06BD6}.Debug|Any CPU.Build.0 = Debug|Any CPU
		{B7479D17-5221-4FF5-B775-B325FCE06BD6}.Release|Any CPU.ActiveCfg = Release|Any CPU
		{B7479D17-5221-4FF5-B775-B325FCE06BD6}.Release|Any CPU.Build.0 = Release|Any CPU
	EndGlobalSection
	GlobalSection(SolutionProperties) = preSolution
		HideSolutionNode = FALSE
	EndGlobalSection
	GlobalSection(ExtensibilityGlobals) = postSolution
		SolutionGuid = {B8AE7077-B518-4AD9-98E2-98B3CB3CD420}
	EndGlobalSection
EndGlobal
